# THIS IS AN AUTOGENERATED FILE. DO NOT EDIT THIS FILE DIRECTLY.
# yarn lockfile v1


"@or-sdk/auth@^0.38.2":
  version "0.38.2"
  resolved "https://registry.yarnpkg.com/@or-sdk/auth/-/auth-0.38.2.tgz#0000"

keyv@^6.0.0, keyv@^6.1.0:
  version "6.0.0"
  resolved "https://registry.yarnpkg.com/keyv/-/keyv-6.0.0.tgz#0000"
